
Microsoft Visual Studio Solution File, Format Version 12.00
# Visual Studio Version 16
VisualStudioVersion = 16.0.31729.503
MinimumVisualStudioVersion = 10.0.40219.1
Project("{FAE04EC0-301F-11D3-BF4B-00C04F79EFBC}") = "MCDA5510_Assignment1", "MCDA5510_Assignment1.csproj", "{A795C7E6-0098-4359-990A-B8D0A5D8FEF4}"
EndProject
Global
	GlobalSection(SolutionConfigurationPlatforms) = preSolution
		Debug|Any CPU = Debug|Any CPU
		Release|Any CPU = Release|Any CPU
	EndGlobalSection
	GlobalSection(ProjectConfigurationPlatforms) = postSolution
		{A795C7E6-0098-4359-990A-B8D0A5D8FEF4}.Debug|Any CPU.ActiveCfg = Debug|Any CPU
		{A795C7E6-0098-4359-990A-B8D0A5D8FEF4}.Debug|Any CPU.Build.0 = Debug|Any CPU
		{A795C7E6-0098-4359-990A-B8D0A5D8FEF4}.Release|Any CPU.ActiveCfg = Release|Any CPU
		{A795C7E6-0098-4359-990A-B8D0A5D8FEF4}.Release|Any CPU.Build.0 = Release|Any CPU
	EndGlobalSection
	GlobalSection(SolutionProperties) = preSolution
		HideSolutionNode = FALSE
	EndGlobalSection
	GlobalSection(ExtensibilityGlobals) = postSolution
		SolutionGuid = {F285D840-2E1C-443B-B39A-99E76A4546BA}
	EndGlobalSection
EndGlobal
